PODS:
  - AFNetworking/NSURLSession (4.0.1):
    - AFNetworking/Reachability
    - AFNetworking/Security
    - AFNetworking/Serialization
  - AFNetworking/Reachability (4.0.1)
  - AFNetworking/Security (4.0.1)
  - AFNetworking/Serialization (4.0.1)
  - Firebase/CoreOnly (11.4.0):
    - FirebaseCore (= 11.4.0)
  - Firebase/Messaging (11.4.0):
    - Firebase/CoreOnly
    - FirebaseMessaging (~> 11.4.0)
  - firebase_core (3.8.0):
    - Firebase/CoreOnly (= 11.4.0)
    - Flutter
  - firebase_messaging (15.1.5):
    - Firebase/Messaging (= 11.4.0)
    - firebase_core
    - Flutter
  - FirebaseCore (11.4.0):
    - FirebaseCoreInternal (~> 11.0)
    - GoogleUtilities/Environment (~> 8.0)
    - GoogleUtilities/Logger (~> 8.0)
  - FirebaseCoreInternal (11.6.0):
    - "GoogleUtilities/NSData+zlib (~> 8.0)"
  - FirebaseInstallations (11.4.0):
    - FirebaseCore (~> 11.0)
    - GoogleUtilities/Environment (~> 8.0)
    - GoogleUtilities/UserDefaults (~> 8.0)
    - PromisesObjC (~> 2.4)
  - FirebaseMessaging (11.4.0):
    - FirebaseCore (~> 11.0)
    - FirebaseInstallations (~> 11.0)
    - GoogleDataTransport (~> 10.0)
    - GoogleUtilities/AppDelegateSwizzler (~> 8.0)
    - GoogleUtilities/Environment (~> 8.0)
    - GoogleUtilities/Reachability (~> 8.0)
    - GoogleUtilities/UserDefaults (~> 8.0)
    - nanopb (~> 3.30910.0)
  - Flutter (1.0.0)
  - fluttertoast (0.0.2):
    - Flutter
    - Toast
  - FMDB (2.7.12):
    - FMDB/standard (= 2.7.12)
  - FMDB/Core (2.7.12)
  - FMDB/standard (2.7.12):
    - FMDB/Core
  - GoogleDataTransport (10.1.0):
    - nanopb (~> 3.30910.0)
    - PromisesObjC (~> 2.4)
  - GoogleUtilities/AppDelegateSwizzler (8.0.2):
    - GoogleUtilities/Environment
    - GoogleUtilities/Logger
    - GoogleUtilities/Network
    - GoogleUtilities/Privacy
  - GoogleUtilities/Environment (8.0.2):
    - GoogleUtilities/Privacy
  - GoogleUtilities/Logger (8.0.2):
    - GoogleUtilities/Environment
    - GoogleUtilities/Privacy
  - GoogleUtilities/Network (8.0.2):
    - GoogleUtilities/Logger
    - "GoogleUtilities/NSData+zlib"
    - GoogleUtilities/Privacy
    - GoogleUtilities/Reachability
  - "GoogleUtilities/NSData+zlib (8.0.2)":
    - GoogleUtilities/Privacy
  - GoogleUtilities/Privacy (8.0.2)
  - GoogleUtilities/Reachability (8.0.2):
    - GoogleUtilities/Logger
    - GoogleUtilities/Privacy
  - GoogleUtilities/UserDefaults (8.0.2):
    - GoogleUtilities/Logger
    - GoogleUtilities/Privacy
  - MMWormhole (2.0.0):
    - MMWormhole/Core (= 2.0.0)
  - MMWormhole/Core (2.0.0)
  - nanopb (3.30910.0):
    - nanopb/decode (= 3.30910.0)
    - nanopb/encode (= 3.30910.0)
  - nanopb/decode (3.30910.0)
  - nanopb/encode (3.30910.0)
  - Netmera (3.24.1):
    - Netmera/NetmeraWithAdId (= 3.24.1)
  - Netmera/AdIdSupport (3.24.1)
  - Netmera/Application (3.24.1):
    - AFNetworking/NSURLSession (>= 3.1.0)
    - FMDB
    - MMWormhole (~> 2.0.0)
    - NetmeraCore (= 3.24.1)
    - UICKeyChainStore (~> 2.0)
  - Netmera/NetmeraWithAdId (3.24.1):
    - Netmera/AdIdSupport
    - Netmera/Application
  - Netmera/NotificationContentExtension (3.24.1):
    - MMWormhole (~> 2.0.0)
    - NetmeraCore (= 3.24.1)
  - Netmera/NotificationServiceExtension (3.24.1):
    - NetmeraCore (= 3.24.1)
  - netmera_flutter_sdk (2.4.6):
    - Flutter
    - Netmera (= 3.24.1)
  - NetmeraCore (3.24.1)
  - PromisesObjC (2.4.0)
  - Toast (4.1.1)
  - UICKeyChainStore (2.2.1)
  - uni_links (0.0.1):
    - Flutter

DEPENDENCIES:
  - firebase_core (from `.symlinks/plugins/firebase_core/ios`)
  - firebase_messaging (from `.symlinks/plugins/firebase_messaging/ios`)
  - Flutter (from `Flutter`)
  - fluttertoast (from `.symlinks/plugins/fluttertoast/ios`)
  - Netmera (= 3.24.1)
  - Netmera/NotificationContentExtension (= 3.24.1)
  - Netmera/NotificationServiceExtension (= 3.24.1)
  - netmera_flutter_sdk (from `.symlinks/plugins/netmera_flutter_sdk/ios`)
  - uni_links (from `.symlinks/plugins/uni_links/ios`)

SPEC REPOS:
  trunk:
    - AFNetworking
    - Firebase
    - FirebaseCore
    - FirebaseCoreInternal
    - FirebaseInstallations
    - FirebaseMessaging
    - FMDB
    - GoogleDataTransport
    - GoogleUtilities
    - MMWormhole
    - nanopb
    - Netmera
    - NetmeraCore
    - PromisesObjC
    - Toast
    - UICKeyChainStore

EXTERNAL SOURCES:
  firebase_core:
    :path: ".symlinks/plugins/firebase_core/ios"
  firebase_messaging:
    :path: ".symlinks/plugins/firebase_messaging/ios"
  Flutter:
    :path: Flutter
  fluttertoast:
    :path: ".symlinks/plugins/fluttertoast/ios"
  netmera_flutter_sdk:
    :path: ".symlinks/plugins/netmera_flutter_sdk/ios"
  uni_links:
    :path: ".symlinks/plugins/uni_links/ios"

SPEC CHECKSUMS:
  AFNetworking: 3bd23d814e976cd148d7d44c3ab78017b744cd58
  Firebase: cf1b19f21410b029b6786a54e9764a0cacad3c99
  firebase_core: 9efc3ecf689cdbc90f13f4dc58108c83ea46b266
  firebase_messaging: 6bf60adb4b33a848d135e16bc363fb4924f98fba
  FirebaseCore: e0510f1523bc0eb21653cac00792e1e2bd6f1771
  FirebaseCoreInternal: d98ab91e2d80a56d7b246856a8885443b302c0c2
  FirebaseInstallations: 6ef4a1c7eb2a61ee1f74727d7f6ce2e72acf1414
  FirebaseMessaging: f8a160d99c2c2e5babbbcc90c4a3e15db036aee2
  Flutter: e0871f40cf51350855a761d2e70bf5af5b9b5de7
  fluttertoast: 31b00dabfa7fb7bacd9e7dbee580d7a2ff4bf265
  FMDB: 728731dd336af3936ce00f91d9d8495f5718a0e6
  GoogleDataTransport: aae35b7ea0c09004c3797d53c8c41f66f219d6a7
  GoogleUtilities: 26a3abef001b6533cf678d3eb38fd3f614b7872d
  MMWormhole: 0cd3fd35a9118b2e2d762b499f54eeaace0be791
  nanopb: fad817b59e0457d11a5dfbde799381cd727c1275
  Netmera: 1990e4d36fae3a02a942067ac1c8c427f8863a2a
  netmera_flutter_sdk: 00157cc582a1fd4eb0e2a35d593386d1632d0a85
  NetmeraCore: 7cad23bf1eb2d5486d9f57840fbad000472f595b
  PromisesObjC: f5707f49cb48b9636751c5b2e7d227e43fba9f47
  Toast: 1f5ea13423a1e6674c4abdac5be53587ae481c4e
  UICKeyChainStore: ba3bff2c762b12db1e516f395c837dd25298b05e
  uni_links: d97da20c7701486ba192624d99bffaaffcfc298a

PODFILE CHECKSUM: d18a18f215867b619741dd49daefc5bca44348fa

COCOAPODS: 1.15.2
